
Microsoft Visual Studio Solution File, Format Version 12.00
# Visual Studio 14
VisualStudioVersion = 14.0.24720.0
MinimumVisualStudioVersion = 10.0.40219.1
Project("{FAE04EC0-301F-11D3-BF4B-00C04F79EFBC}") = "FragileSoftware", "FragileSoftware\FragileSoftware.csproj", "{732D1CB7-4C2F-4A91-9522-369A7DB78E23}"
EndProject
Project("{FAE04EC0-301F-11D3-BF4B-00C04F79EFBC}") = "FragileSoftware.Tests", "FragileSoftware.Tests\FragileSoftware.Tests.csproj", "{C1170C96-9830-4F92-965C-561419607C5D}"
EndProject
Global
	GlobalSection(SolutionConfigurationPlatforms) = preSolution
		Debug|Any CPU = Debug|Any CPU
		Release|Any CPU = Release|Any CPU
	EndGlobalSection
	GlobalSection(ProjectConfigurationPlatforms) = postSolution
		{732D1CB7-4C2F-4A91-9522-369A7DB78E23}.Debug|Any CPU.ActiveCfg = Debug|Any CPU
		{732D1CB7-4C2F-4A91-9522-369A7DB78E23}.Debug|Any CPU.Build.0 = Debug|Any CPU
		{732D1CB7-4C2F-4A91-9522-369A7DB78E23}.Release|Any CPU.ActiveCfg = Release|Any CPU
		{732D1CB7-4C2F-4A91-9522-369A7DB78E23}.Release|Any CPU.Build.0 = Release|Any CPU
		{C1170C96-9830-4F92-965C-561419607C5D}.Debug|Any CPU.ActiveCfg = Debug|Any CPU
		{C1170C96-9830-4F92-965C-561419607C5D}.Debug|Any CPU.Build.0 = Debug|Any CPU
		{C1170C96-9830-4F92-965C-561419607C5D}.Release|Any CPU.ActiveCfg = Release|Any CPU
		{C1170C96-9830-4F92-965C-561419607C5D}.Release|Any CPU.Build.0 = Release|Any CPU
	EndGlobalSection
	GlobalSection(SolutionProperties) = preSolution
		HideSolutionNode = FALSE
	EndGlobalSection
EndGlobal
